
Microsoft Visual Studio Solution File, Format Version 12.00
# Visual Studio Version 16
VisualStudioVersion = 16.0.33423.256
MinimumVisualStudioVersion = 10.0.40219.1
Project("{FAE04EC0-301F-11D3-BF4B-00C04F79EFBC}") = "PD-05", "PD-05\PD-05.csproj", "{EEA1B3F8-840F-453C-B69F-B15E58083096}"
EndProject
Global
	GlobalSection(SolutionConfigurationPlatforms) = preSolution
		Debug|Any CPU = Debug|Any CPU
		Release|Any CPU = Release|Any CPU
	EndGlobalSection
	GlobalSection(ProjectConfigurationPlatforms) = postSolution
		{EEA1B3F8-840F-453C-B69F-B15E58083096}.Debug|Any CPU.ActiveCfg = Debug|Any CPU
		{EEA1B3F8-840F-453C-B69F-B15E58083096}.Debug|Any CPU.Build.0 = Debug|Any CPU
		{EEA1B3F8-840F-453C-B69F-B15E58083096}.Release|Any CPU.ActiveCfg = Release|Any CPU
		{EEA1B3F8-840F-453C-B69F-B15E58083096}.Release|Any CPU.Build.0 = Release|Any CPU
	EndGlobalSection
	GlobalSection(SolutionProperties) = preSolution
		HideSolutionNode = FALSE
	EndGlobalSection
	GlobalSection(ExtensibilityGlobals) = postSolution
		SolutionGuid = {FA5D7032-DFA4-4BD1-A2F5-020958C10ED9}
	EndGlobalSection
EndGlobal
