
Microsoft Visual Studio Solution File, Format Version 12.00
# Visual Studio Version 16
VisualStudioVersion = 16.0.33423.256
MinimumVisualStudioVersion = 10.0.40219.1
Project("{FAE04EC0-301F-11D3-BF4B-00C04F79EFBC}") = "challange2 lab6", "challange2 lab6\challange2 lab6.csproj", "{C055CB38-D55B-4837-A446-FD5811E3A419}"
EndProject
Global
	GlobalSection(SolutionConfigurationPlatforms) = preSolution
		Debug|Any CPU = Debug|Any CPU
		Release|Any CPU = Release|Any CPU
	EndGlobalSection
	GlobalSection(ProjectConfigurationPlatforms) = postSolution
		{C055CB38-D55B-4837-A446-FD5811E3A419}.Debug|Any CPU.ActiveCfg = Debug|Any CPU
		{C055CB38-D55B-4837-A446-FD5811E3A419}.Debug|Any CPU.Build.0 = Debug|Any CPU
		{C055CB38-D55B-4837-A446-FD5811E3A419}.Release|Any CPU.ActiveCfg = Release|Any CPU
		{C055CB38-D55B-4837-A446-FD5811E3A419}.Release|Any CPU.Build.0 = Release|Any CPU
	EndGlobalSection
	GlobalSection(SolutionProperties) = preSolution
		HideSolutionNode = FALSE
	EndGlobalSection
	GlobalSection(ExtensibilityGlobals) = postSolution
		SolutionGuid = {2157B8E9-272E-49A4-9B92-0B19CCDBB108}
	EndGlobalSection
EndGlobal
